
Microsoft Visual Studio Solution File, Format Version 12.00
# Visual Studio 15
VisualStudioVersion = 15.0.27703.2035
MinimumVisualStudioVersion = 10.0.40219.1
Project("{FAE04EC0-301F-11D3-BF4B-00C04F79EFBC}") = "PhotoshopRegitryNoSplash", "PhotoshopRegitryNoSplash\PhotoshopRegitryNoSplash.csproj", "{37054B12-26BD-4DF8-8FE8-C8AE66CAFBDA}"
EndProject
Global
	GlobalSection(SolutionConfigurationPlatforms) = preSolution
		Debug|Any CPU = Debug|Any CPU
		Release|Any CPU = Release|Any CPU
	EndGlobalSection
	GlobalSection(ProjectConfigurationPlatforms) = postSolution
		{37054B12-26BD-4DF8-8FE8-C8AE66CAFBDA}.Debug|Any CPU.ActiveCfg = Debug|Any CPU
		{37054B12-26BD-4DF8-8FE8-C8AE66CAFBDA}.Debug|Any CPU.Build.0 = Debug|Any CPU
		{37054B12-26BD-4DF8-8FE8-C8AE66CAFBDA}.Release|Any CPU.ActiveCfg = Release|Any CPU
		{37054B12-26BD-4DF8-8FE8-C8AE66CAFBDA}.Release|Any CPU.Build.0 = Release|Any CPU
	EndGlobalSection
	GlobalSection(SolutionProperties) = preSolution
		HideSolutionNode = FALSE
	EndGlobalSection
	GlobalSection(ExtensibilityGlobals) = postSolution
		SolutionGuid = {B3196E30-173B-4E77-AF0F-A984A4C08523}
	EndGlobalSection
EndGlobal
